
Microsoft Visual Studio Solution File, Format Version 12.00
# Visual Studio 15
VisualStudioVersion = 15.0.26124.0
MinimumVisualStudioVersion = 15.0.26124.0
Project("{2150E333-8FDC-42A3-9474-1A3956D46DE8}") = "src", "src", "{4A8D239B-78D8-4679-A5A6-17C0AD315E08}"
EndProject
Project("{FAE04EC0-301F-11D3-BF4B-00C04F79EFBC}") = "Domain", "src\Domain\Domain.csproj", "{F61C5CB1-0D4D-4DDD-9D64-AEACF852DB44}"
EndProject
Project("{2150E333-8FDC-42A3-9474-1A3956D46DE8}") = "test", "test", "{04C5D346-BC2A-404C-898C-A5E36CEF2706}"
EndProject
Project("{FAE04EC0-301F-11D3-BF4B-00C04F79EFBC}") = "Domain.Tests", "test\Domain.Tests\Domain.Tests.csproj", "{9CC083BA-2CD8-4F8D-99E3-47B08B29609A}"
EndProject
Project("{FAE04EC0-301F-11D3-BF4B-00C04F79EFBC}") = "Contracts", "src\Contracts\Contracts.csproj", "{D0056690-00A5-4E2E-9957-4CFF2ED51CD5}"
EndProject
Project("{FAE04EC0-301F-11D3-BF4B-00C04F79EFBC}") = "Contract.Tests", "test\Contract.Tests\Contract.Tests.csproj", "{38B26F07-43B1-4859-9D56-A7C02B65D28B}"
EndProject
Project("{FAE04EC0-301F-11D3-BF4B-00C04F79EFBC}") = "Repositories", "src\Repositories\Repositories.csproj", "{C45B077F-0F5D-414A-AC2D-A2E646F0D46C}"
EndProject
Project("{FAE04EC0-301F-11D3-BF4B-00C04F79EFBC}") = "Repository.Tests", "test\Repository.Tests\Repository.Tests.csproj", "{7CCF24C7-D671-4D59-B206-0408C23FE75E}"
EndProject
Project("{FAE04EC0-301F-11D3-BF4B-00C04F79EFBC}") = "Storage", "src\Storage\Storage.csproj", "{6ABBB8EF-A1C7-4DB4-AC8C-11BE1B141BB0}"
EndProject
Project("{FAE04EC0-301F-11D3-BF4B-00C04F79EFBC}") = "Storage.Tests", "test\Storage.Tests\Storage.Tests.csproj", "{1573A451-6BFD-43E6-B542-49BA9D3DE068}"
EndProject
Global
	GlobalSection(SolutionConfigurationPlatforms) = preSolution
		Debug|Any CPU = Debug|Any CPU
		Debug|x64 = Debug|x64
		Debug|x86 = Debug|x86
		Release|Any CPU = Release|Any CPU
		Release|x64 = Release|x64
		Release|x86 = Release|x86
	EndGlobalSection
	GlobalSection(SolutionProperties) = preSolution
		HideSolutionNode = FALSE
	EndGlobalSection
	GlobalSection(ProjectConfigurationPlatforms) = postSolution
		{F61C5CB1-0D4D-4DDD-9D64-AEACF852DB44}.Debug|Any CPU.ActiveCfg = Debug|Any CPU
		{F61C5CB1-0D4D-4DDD-9D64-AEACF852DB44}.Debug|Any CPU.Build.0 = Debug|Any CPU
		{F61C5CB1-0D4D-4DDD-9D64-AEACF852DB44}.Debug|x64.ActiveCfg = Debug|Any CPU
		{F61C5CB1-0D4D-4DDD-9D64-AEACF852DB44}.Debug|x64.Build.0 = Debug|Any CPU
		{F61C5CB1-0D4D-4DDD-9D64-AEACF852DB44}.Debug|x86.ActiveCfg = Debug|Any CPU
		{F61C5CB1-0D4D-4DDD-9D64-AEACF852DB44}.Debug|x86.Build.0 = Debug|Any CPU
		{F61C5CB1-0D4D-4DDD-9D64-AEACF852DB44}.Release|Any CPU.ActiveCfg = Release|Any CPU
		{F61C5CB1-0D4D-4DDD-9D64-AEACF852DB44}.Release|Any CPU.Build.0 = Release|Any CPU
		{F61C5CB1-0D4D-4DDD-9D64-AEACF852DB44}.Release|x64.ActiveCfg = Release|Any CPU
		{F61C5CB1-0D4D-4DDD-9D64-AEACF852DB44}.Release|x64.Build.0 = Release|Any CPU
		{F61C5CB1-0D4D-4DDD-9D64-AEACF852DB44}.Release|x86.ActiveCfg = Release|Any CPU
		{F61C5CB1-0D4D-4DDD-9D64-AEACF852DB44}.Release|x86.Build.0 = Release|Any CPU
		{9CC083BA-2CD8-4F8D-99E3-47B08B29609A}.Debug|Any CPU.ActiveCfg = Debug|Any CPU
		{9CC083BA-2CD8-4F8D-99E3-47B08B29609A}.Debug|Any CPU.Build.0 = Debug|Any CPU
		{9CC083BA-2CD8-4F8D-99E3-47B08B29609A}.Debug|x64.ActiveCfg = Debug|Any CPU
		{9CC083BA-2CD8-4F8D-99E3-47B08B29609A}.Debug|x64.Build.0 = Debug|Any CPU
		{9CC083BA-2CD8-4F8D-99E3-47B08B29609A}.Debug|x86.ActiveCfg = Debug|Any CPU
		{9CC083BA-2CD8-4F8D-99E3-47B08B29609A}.Debug|x86.Build.0 = Debug|Any CPU
		{9CC083BA-2CD8-4F8D-99E3-47B08B29609A}.Release|Any CPU.ActiveCfg = Release|Any CPU
		{9CC083BA-2CD8-4F8D-99E3-47B08B29609A}.Release|Any CPU.Build.0 = Release|Any CPU
		{9CC083BA-2CD8-4F8D-99E3-47B08B29609A}.Release|x64.ActiveCfg = Release|Any CPU
		{9CC083BA-2CD8-4F8D-99E3-47B08B29609A}.Release|x64.Build.0 = Release|Any CPU
		{9CC083BA-2CD8-4F8D-99E3-47B08B29609A}.Release|x86.ActiveCfg = Release|Any CPU
		{9CC083BA-2CD8-4F8D-99E3-47B08B29609A}.Release|x86.Build.0 = Release|Any CPU
		{D0056690-00A5-4E2E-9957-4CFF2ED51CD5}.Debug|Any CPU.ActiveCfg = Debug|Any CPU
		{D0056690-00A5-4E2E-9957-4CFF2ED51CD5}.Debug|Any CPU.Build.0 = Debug|Any CPU
		{D0056690-00A5-4E2E-9957-4CFF2ED51CD5}.Debug|x64.ActiveCfg = Debug|Any CPU
		{D0056690-00A5-4E2E-9957-4CFF2ED51CD5}.Debug|x64.Build.0 = Debug|Any CPU
		{D0056690-00A5-4E2E-9957-4CFF2ED51CD5}.Debug|x86.ActiveCfg = Debug|Any CPU
		{D0056690-00A5-4E2E-9957-4CFF2ED51CD5}.Debug|x86.Build.0 = Debug|Any CPU
		{D0056690-00A5-4E2E-9957-4CFF2ED51CD5}.Release|Any CPU.ActiveCfg = Release|Any CPU
		{D0056690-00A5-4E2E-9957-4CFF2ED51CD5}.Release|Any CPU.Build.0 = Release|Any CPU
		{D0056690-00A5-4E2E-9957-4CFF2ED51CD5}.Release|x64.ActiveCfg = Release|Any CPU
		{D0056690-00A5-4E2E-9957-4CFF2ED51CD5}.Release|x64.Build.0 = Release|Any CPU
		{D0056690-00A5-4E2E-9957-4CFF2ED51CD5}.Release|x86.ActiveCfg = Release|Any CPU
		{D0056690-00A5-4E2E-9957-4CFF2ED51CD5}.Release|x86.Build.0 = Release|Any CPU
		{38B26F07-43B1-4859-9D56-A7C02B65D28B}.Debug|Any CPU.ActiveCfg = Debug|Any CPU
		{38B26F07-43B1-4859-9D56-A7C02B65D28B}.Debug|Any CPU.Build.0 = Debug|Any CPU
		{38B26F07-43B1-4859-9D56-A7C02B65D28B}.Debug|x64.ActiveCfg = Debug|Any CPU
		{38B26F07-43B1-4859-9D56-A7C02B65D28B}.Debug|x64.Build.0 = Debug|Any CPU
		{38B26F07-43B1-4859-9D56-A7C02B65D28B}.Debug|x86.ActiveCfg = Debug|Any CPU
		{38B26F07-43B1-4859-9D56-A7C02B65D28B}.Debug|x86.Build.0 = Debug|Any CPU
		{38B26F07-43B1-4859-9D56-A7C02B65D28B}.Release|Any CPU.ActiveCfg = Release|Any CPU
		{38B26F07-43B1-4859-9D56-A7C02B65D28B}.Release|Any CPU.Build.0 = Release|Any CPU
		{38B26F07-43B1-4859-9D56-A7C02B65D28B}.Release|x64.ActiveCfg = Release|Any CPU
		{38B26F07-43B1-4859-9D56-A7C02B65D28B}.Release|x64.Build.0 = Release|Any CPU
		{38B26F07-43B1-4859-9D56-A7C02B65D28B}.Release|x86.ActiveCfg = Release|Any CPU
		{38B26F07-43B1-4859-9D56-A7C02B65D28B}.Release|x86.Build.0 = Release|Any CPU
		{C45B077F-0F5D-414A-AC2D-A2E646F0D46C}.Debug|Any CPU.ActiveCfg = Debug|Any CPU
		{C45B077F-0F5D-414A-AC2D-A2E646F0D46C}.Debug|Any CPU.Build.0 = Debug|Any CPU
		{C45B077F-0F5D-414A-AC2D-A2E646F0D46C}.Debug|x64.ActiveCfg = Debug|Any CPU
		{C45B077F-0F5D-414A-AC2D-A2E646F0D46C}.Debug|x64.Build.0 = Debug|Any CPU
		{C45B077F-0F5D-414A-AC2D-A2E646F0D46C}.Debug|x86.ActiveCfg = Debug|Any CPU
		{C45B077F-0F5D-414A-AC2D-A2E646F0D46C}.Debug|x86.Build.0 = Debug|Any CPU
		{C45B077F-0F5D-414A-AC2D-A2E646F0D46C}.Release|Any CPU.ActiveCfg = Release|Any CPU
		{C45B077F-0F5D-414A-AC2D-A2E646F0D46C}.Release|Any CPU.Build.0 = Release|Any CPU
		{C45B077F-0F5D-414A-AC2D-A2E646F0D46C}.Release|x64.ActiveCfg = Release|Any CPU
		{C45B077F-0F5D-414A-AC2D-A2E646F0D46C}.Release|x64.Build.0 = Release|Any CPU
		{C45B077F-0F5D-414A-AC2D-A2E646F0D46C}.Release|x86.ActiveCfg = Release|Any CPU
		{C45B077F-0F5D-414A-AC2D-A2E646F0D46C}.Release|x86.Build.0 = Release|Any CPU
		{7CCF24C7-D671-4D59-B206-0408C23FE75E}.Debug|Any CPU.ActiveCfg = Debug|Any CPU
		{7CCF24C7-D671-4D59-B206-0408C23FE75E}.Debug|Any CPU.Build.0 = Debug|Any CPU
		{7CCF24C7-D671-4D59-B206-0408C23FE75E}.Debug|x64.ActiveCfg = Debug|Any CPU
		{7CCF24C7-D671-4D59-B206-0408C23FE75E}.Debug|x64.Build.0 = Debug|Any CPU
		{7CCF24C7-D671-4D59-B206-0408C23FE75E}.Debug|x86.ActiveCfg = Debug|Any CPU
		{7CCF24C7-D671-4D59-B206-0408C23FE75E}.Debug|x86.Build.0 = Debug|Any CPU
		{7CCF24C7-D671-4D59-B206-0408C23FE75E}.Release|Any CPU.ActiveCfg = Release|Any CPU
		{7CCF24C7-D671-4D59-B206-0408C23FE75E}.Release|Any CPU.Build.0 = Release|Any CPU
		{7CCF24C7-D671-4D59-B206-0408C23FE75E}.Release|x64.ActiveCfg = Release|Any CPU
		{7CCF24C7-D671-4D59-B206-0408C23FE75E}.Release|x64.Build.0 = Release|Any CPU
		{7CCF24C7-D671-4D59-B206-0408C23FE75E}.Release|x86.ActiveCfg = Release|Any CPU
		{7CCF24C7-D671-4D59-B206-0408C23FE75E}.Release|x86.Build.0 = Release|Any CPU
		{6ABBB8EF-A1C7-4DB4-AC8C-11BE1B141BB0}.Debug|Any CPU.ActiveCfg = Debug|Any CPU
		{6ABBB8EF-A1C7-4DB4-AC8C-11BE1B141BB0}.Debug|Any CPU.Build.0 = Debug|Any CPU
		{6ABBB8EF-A1C7-4DB4-AC8C-11BE1B141BB0}.Debug|x64.ActiveCfg = Debug|Any CPU
		{6ABBB8EF-A1C7-4DB4-AC8C-11BE1B141BB0}.Debug|x64.Build.0 = Debug|Any CPU
		{6ABBB8EF-A1C7-4DB4-AC8C-11BE1B141BB0}.Debug|x86.ActiveCfg = Debug|Any CPU
		{6ABBB8EF-A1C7-4DB4-AC8C-11BE1B141BB0}.Debug|x86.Build.0 = Debug|Any CPU
		{6ABBB8EF-A1C7-4DB4-AC8C-11BE1B141BB0}.Release|Any CPU.ActiveCfg = Release|Any CPU
		{6ABBB8EF-A1C7-4DB4-AC8C-11BE1B141BB0}.Release|Any CPU.Build.0 = Release|Any CPU
		{6ABBB8EF-A1C7-4DB4-AC8C-11BE1B141BB0}.Release|x64.ActiveCfg = Release|Any CPU
		{6ABBB8EF-A1C7-4DB4-AC8C-11BE1B141BB0}.Release|x64.Build.0 = Release|Any CPU
		{6ABBB8EF-A1C7-4DB4-AC8C-11BE1B141BB0}.Release|x86.ActiveCfg = Release|Any CPU
		{6ABBB8EF-A1C7-4DB4-AC8C-11BE1B141BB0}.Release|x86.Build.0 = Release|Any CPU
		{1573A451-6BFD-43E6-B542-49BA9D3DE068}.Debug|Any CPU.ActiveCfg = Debug|Any CPU
		{1573A451-6BFD-43E6-B542-49BA9D3DE068}.Debug|Any CPU.Build.0 = Debug|Any CPU
		{1573A451-6BFD-43E6-B542-49BA9D3DE068}.Debug|x64.ActiveCfg = Debug|Any CPU
		{1573A451-6BFD-43E6-B542-49BA9D3DE068}.Debug|x64.Build.0 = Debug|Any CPU
		{1573A451-6BFD-43E6-B542-49BA9D3DE068}.Debug|x86.ActiveCfg = Debug|Any CPU
		{1573A451-6BFD-43E6-B542-49BA9D3DE068}.Debug|x86.Build.0 = Debug|Any CPU
		{1573A451-6BFD-43E6-B542-49BA9D3DE068}.Release|Any CPU.ActiveCfg = Release|Any CPU
		{1573A451-6BFD-43E6-B542-49BA9D3DE068}.Release|Any CPU.Build.0 = Release|Any CPU
		{1573A451-6BFD-43E6-B542-49BA9D3DE068}.Release|x64.ActiveCfg = Release|Any CPU
		{1573A451-6BFD-43E6-B542-49BA9D3DE068}.Release|x64.Build.0 = Release|Any CPU
		{1573A451-6BFD-43E6-B542-49BA9D3DE068}.Release|x86.ActiveCfg = Release|Any CPU
		{1573A451-6BFD-43E6-B542-49BA9D3DE068}.Release|x86.Build.0 = Release|Any CPU
	EndGlobalSection
	GlobalSection(NestedProjects) = preSolution
		{F61C5CB1-0D4D-4DDD-9D64-AEACF852DB44} = {4A8D239B-78D8-4679-A5A6-17C0AD315E08}
		{9CC083BA-2CD8-4F8D-99E3-47B08B29609A} = {04C5D346-BC2A-404C-898C-A5E36CEF2706}
		{D0056690-00A5-4E2E-9957-4CFF2ED51CD5} = {4A8D239B-78D8-4679-A5A6-17C0AD315E08}
		{38B26F07-43B1-4859-9D56-A7C02B65D28B} = {04C5D346-BC2A-404C-898C-A5E36CEF2706}
		{C45B077F-0F5D-414A-AC2D-A2E646F0D46C} = {4A8D239B-78D8-4679-A5A6-17C0AD315E08}
		{7CCF24C7-D671-4D59-B206-0408C23FE75E} = {04C5D346-BC2A-404C-898C-A5E36CEF2706}
		{6ABBB8EF-A1C7-4DB4-AC8C-11BE1B141BB0} = {4A8D239B-78D8-4679-A5A6-17C0AD315E08}
		{1573A451-6BFD-43E6-B542-49BA9D3DE068} = {04C5D346-BC2A-404C-898C-A5E36CEF2706}
	EndGlobalSection
EndGlobal
